
Microsoft Visual Studio Solution File, Format Version 12.00
# Visual Studio Version 16
VisualStudioVersion = 16.0.33529.622
MinimumVisualStudioVersion = 10.0.40219.1
Project("{FAE04EC0-301F-11D3-BF4B-00C04F79EFBC}") = "Secim_Istatistik_ve_Grafik_Sistemi", "Secim_Istatistik_ve_Grafik_Sistemi\Secim_Istatistik_ve_Grafik_Sistemi.csproj", "{671254D7-46AE-4C16-9968-848DDA1AFD2C}"
EndProject
Global
	GlobalSection(SolutionConfigurationPlatforms) = preSolution
		Debug|Any CPU = Debug|Any CPU
		Release|Any CPU = Release|Any CPU
	EndGlobalSection
	GlobalSection(ProjectConfigurationPlatforms) = postSolution
		{671254D7-46AE-4C16-9968-848DDA1AFD2C}.Debug|Any CPU.ActiveCfg = Debug|Any CPU
		{671254D7-46AE-4C16-9968-848DDA1AFD2C}.Debug|Any CPU.Build.0 = Debug|Any CPU
		{671254D7-46AE-4C16-9968-848DDA1AFD2C}.Release|Any CPU.ActiveCfg = Release|Any CPU
		{671254D7-46AE-4C16-9968-848DDA1AFD2C}.Release|Any CPU.Build.0 = Release|Any CPU
	EndGlobalSection
	GlobalSection(SolutionProperties) = preSolution
		HideSolutionNode = FALSE
	EndGlobalSection
	GlobalSection(ExtensibilityGlobals) = postSolution
		SolutionGuid = {E42EEEBF-C777-4F7F-AA8C-CDFF65AF04F2}
	EndGlobalSection
EndGlobal
